
Microsoft Visual Studio Solution File, Format Version 12.00
# Visual Studio Version 16
VisualStudioVersion = 16.0.30011.22
MinimumVisualStudioVersion = 10.0.40219.1
Project("{FAE04EC0-301F-11D3-BF4B-00C04F79EFBC}") = "Week4Day2OOP", "Week4Day2OOP\Week4Day2OOP.csproj", "{6FF766B4-E6E5-4E30-B7B2-5258EE29EB4B}"
EndProject
Project("{FAE04EC0-301F-11D3-BF4B-00C04F79EFBC}") = "Week3Day3Arrays", "Week3Day3Arrays\Week3Day3Arrays.csproj", "{C5862566-BD97-4CA0-B622-117BEF03FDF4}"
EndProject
Project("{FAE04EC0-301F-11D3-BF4B-00C04F79EFBC}") = "Week3Day3Exercise37", "Week3Day3Exercise37\Week3Day3Exercise37.csproj", "{E12B4EE9-4B0B-4B98-B784-1FDBD972813C}"
EndProject
Project("{FAE04EC0-301F-11D3-BF4B-00C04F79EFBC}") = "Week3Day1Validations", "Week3Day1Validations\Week3Day1Validations.csproj", "{FF40EE31-A720-4394-8E31-64D5E6A7078E}"
EndProject
Project("{FAE04EC0-301F-11D3-BF4B-00C04F79EFBC}") = "EH_GC_Lab10_CircleObjects", "EH_GC_Lab10_CircleObjects\EH_GC_Lab10_CircleObjects.csproj", "{A49F4765-B447-4F5F-9532-CA5A448980F3}"
EndProject
Project("{FAE04EC0-301F-11D3-BF4B-00C04F79EFBC}") = "W5D2_Exercise53", "W5D2_Exercise53\W5D2_Exercise53.csproj", "{A78AA1C0-5A41-4AF2-ADC4-CED9724A483E}"
EndProject
Project("{FAE04EC0-301F-11D3-BF4B-00C04F79EFBC}") = "W5D2_Interfaces", "W5D2_Interfaces\W5D2_Interfaces.csproj", "{289806AE-1151-4EAF-AAE3-95C98ADE4C6F}"
EndProject
Project("{FAE04EC0-301F-11D3-BF4B-00C04F79EFBC}") = "W5D3_Enums", "W5D3_Enums\W5D3_Enums.csproj", "{91686B7B-8348-413A-80E2-CEA58DA093D7}"
EndProject
Project("{FAE04EC0-301F-11D3-BF4B-00C04F79EFBC}") = "EH_GC_Lab11_MovieDatabase", "EH_GC_Lab11_MovieDatabase\EH_GC_Lab11_MovieDatabase.csproj", "{1F2B82BA-EE4A-4F9F-BC9B-E8353751C91B}"
EndProject
Project("{FAE04EC0-301F-11D3-BF4B-00C04F79EFBC}") = "Week6Day1_FileIO", "Week6Day1_FileIO\Week6Day1_FileIO.csproj", "{59A3917E-FDF2-4CA9-9962-2EAECBFAF561}"
EndProject
Project("{FAE04EC0-301F-11D3-BF4B-00C04F79EFBC}") = "W6D2_Lab13", "W6D2_Lab13\W6D2_Lab13.csproj", "{ACA69FDD-EF30-4B3D-BBF9-AE2319626E2D}"
EndProject
Project("{FAE04EC0-301F-11D3-BF4B-00C04F79EFBC}") = "MockAssessment2a", "MockAssessment2a\MockAssessment2a.csproj", "{2CF2EB2A-95D3-4257-BB4E-1CE4529A053D}"
EndProject
Project("{FAE04EC0-301F-11D3-BF4B-00C04F79EFBC}") = "W9D2_Dictionaries_Tuples", "W9D2_Dictionaries_Tuples\W9D2_Dictionaries_Tuples.csproj", "{46EE7FF1-A610-4F33-AD68-78DC83A2C4D3}"
EndProject
Project("{FAE04EC0-301F-11D3-BF4B-00C04F79EFBC}") = "W9D2_Ex68", "W9D2_Ex68\W9D2_Ex68.csproj", "{85FDB41B-209A-47F4-8F2B-8B0D66EA5F54}"
EndProject
Project("{FAE04EC0-301F-11D3-BF4B-00C04F79EFBC}") = "Exercise46", "Exercise46\Exercise46.csproj", "{01DD8FBF-3283-4E4E-AD4C-DC34D22B4AD8}"
EndProject
Project("{FAE04EC0-301F-11D3-BF4B-00C04F79EFBC}") = "Exercise34", "Exercise34\Exercise34.csproj", "{5B74EBA6-ED04-4994-9DBA-167CD7E74550}"
EndProject
Project("{FAE04EC0-301F-11D3-BF4B-00C04F79EFBC}") = "Exercise48", "Exercise48\Exercise48.csproj", "{D5639503-FB33-4F7C-8020-F512B21D45CD}"
EndProject
Project("{FAE04EC0-301F-11D3-BF4B-00C04F79EFBC}") = "W4D2Exercise42", "W4D2Exercise42\W4D2Exercise42.csproj", "{AFDF6A6A-D305-4BD7-963C-967AC516204B}"
EndProject
Project("{FAE04EC0-301F-11D3-BF4B-00C04F79EFBC}") = "W4D2Exercise45", "W4D2Exercise45\W4D2Exercise45.csproj", "{3A0E6EF1-FCE1-4E3E-98ED-3A56D300AC30}"
EndProject
Project("{FAE04EC0-301F-11D3-BF4B-00C04F79EFBC}") = "Week4Day1Array", "Week4Day1Array\Week4Day1Array.csproj", "{BD15472B-7347-46F2-8DFD-33FAA424565D}"
EndProject
Project("{FAE04EC0-301F-11D3-BF4B-00C04F79EFBC}") = "Week3Day2Review", "Week3Day2Review\Week3Day2Review.csproj", "{0E84DB3A-F70A-4C78-B0A0-4C763EBCEE63}"
EndProject
Project("{FAE04EC0-301F-11D3-BF4B-00C04F79EFBC}") = "W5D1Exercise50", "Week5Day1\W5D1Exercise50.csproj", "{89E83E78-F489-4BDF-8982-90A38BA82F09}"
EndProject
Project("{FAE04EC0-301F-11D3-BF4B-00C04F79EFBC}") = "ReveiwAssessmentVowels", "ReveiwAssessmentVowels\ReveiwAssessmentVowels.csproj", "{4FB6704C-0571-4D62-9395-E1574A2FFC57}"
EndProject
Project("{FAE04EC0-301F-11D3-BF4B-00C04F79EFBC}") = "EH_GC_Lab3", "EH_GC_Lab3\EH_GC_Lab3.csproj", "{7700FDC6-29E5-488C-91B6-BB3D6F79641D}"
EndProject
Project("{FAE04EC0-301F-11D3-BF4B-00C04F79EFBC}") = "EH_GC_AHBC_2020_Repo", "EH_GC_AHBC_2020_Repo\EH_GC_AHBC_2020_Repo.csproj", "{8401841C-8843-4D78-84A4-E39F57D74E92}"
EndProject
Project("{FAE04EC0-301F-11D3-BF4B-00C04F79EFBC}") = "DayThree", "DayThree\DayThree.csproj", "{6FE5BC13-0A21-4E07-B6BB-6942F63F656B}"
EndProject
Project("{FAE04EC0-301F-11D3-BF4B-00C04F79EFBC}") = "EH_GC_Lab2", "EH_GC_Lab2\EH_GC_Lab2.csproj", "{91A38058-2BC9-4E38-9FB9-8558498AA70C}"
EndProject
Project("{FAE04EC0-301F-11D3-BF4B-00C04F79EFBC}") = "W9D3_Algorithms", "W9D3_Algorithms\W9D3_Algorithms.csproj", "{AAB0C452-E7F9-4EE6-8FF3-566E82F850A1}"
EndProject
Project("{FAE04EC0-301F-11D3-BF4B-00C04F79EFBC}") = "W10D2_AssessmentReview", "W10D2_AssessmentReview\W10D2_AssessmentReview.csproj", "{AFFA027C-CCBC-4DB4-92F7-A404109EE55D}"
EndProject
Project("{FAE04EC0-301F-11D3-BF4B-00C04F79EFBC}") = "W10D3_TDDExample_FizzBuzz", "W10D3_TDDExample_FizzBuzz\W10D3_TDDExample_FizzBuzz.csproj", "{0F00A5AE-C8FB-4D09-87E4-24F62DAFA6F7}"
EndProject
Project("{2150E333-8FDC-42A3-9474-1A3956D46DE8}") = "Week10", "Week10", "{0FAE77EC-0C64-445C-9F5E-B85EEBBEBEAC}"
EndProject
Project("{FAE04EC0-301F-11D3-BF4B-00C04F79EFBC}") = "W10D3_TDDExample_FizzBuzzTest", "W10D3_TDDExample_FizzBuzzTest\W10D3_TDDExample_FizzBuzzTest.csproj", "{899566F3-4A68-4A2B-B752-A91A89450862}"
EndProject
Project("{2150E333-8FDC-42A3-9474-1A3956D46DE8}") = "Week3", "Week3", "{5C7A5334-BDB5-47EF-BB62-9BB8FEE3FE52}"
EndProject
Project("{2150E333-8FDC-42A3-9474-1A3956D46DE8}") = "Week4", "Week4", "{D7D3043E-4752-4A32-8A68-9BB3272A3765}"
EndProject
Project("{2150E333-8FDC-42A3-9474-1A3956D46DE8}") = "Week5", "Week5", "{0FAE3B39-7588-4EAA-90C1-5B02FFAC302F}"
EndProject
Project("{2150E333-8FDC-42A3-9474-1A3956D46DE8}") = "Week6", "Week6", "{96B5148B-0EB6-4AA2-97C8-227C32C1411C}"
EndProject
Project("{2150E333-8FDC-42A3-9474-1A3956D46DE8}") = "Week9", "Week9", "{F09379A1-CE7B-4805-ADFC-07994E40AFD0}"
EndProject
Project("{2150E333-8FDC-42A3-9474-1A3956D46DE8}") = "Labs", "Labs", "{226003EC-CD70-4993-AD70-FFA4A3ED19C4}"
EndProject
Project("{2150E333-8FDC-42A3-9474-1A3956D46DE8}") = "Exercises", "Exercises", "{61810F0D-599F-4519-AE0F-1AAE749E314D}"
EndProject
Global
	GlobalSection(SolutionConfigurationPlatforms) = preSolution
		Debug|Any CPU = Debug|Any CPU
		Release|Any CPU = Release|Any CPU
	EndGlobalSection
	GlobalSection(ProjectConfigurationPlatforms) = postSolution
		{6FF766B4-E6E5-4E30-B7B2-5258EE29EB4B}.Debug|Any CPU.ActiveCfg = Debug|Any CPU
		{6FF766B4-E6E5-4E30-B7B2-5258EE29EB4B}.Debug|Any CPU.Build.0 = Debug|Any CPU
		{6FF766B4-E6E5-4E30-B7B2-5258EE29EB4B}.Release|Any CPU.ActiveCfg = Release|Any CPU
		{6FF766B4-E6E5-4E30-B7B2-5258EE29EB4B}.Release|Any CPU.Build.0 = Release|Any CPU
		{C5862566-BD97-4CA0-B622-117BEF03FDF4}.Debug|Any CPU.ActiveCfg = Debug|Any CPU
		{C5862566-BD97-4CA0-B622-117BEF03FDF4}.Debug|Any CPU.Build.0 = Debug|Any CPU
		{C5862566-BD97-4CA0-B622-117BEF03FDF4}.Release|Any CPU.ActiveCfg = Release|Any CPU
		{C5862566-BD97-4CA0-B622-117BEF03FDF4}.Release|Any CPU.Build.0 = Release|Any CPU
		{E12B4EE9-4B0B-4B98-B784-1FDBD972813C}.Debug|Any CPU.ActiveCfg = Debug|Any CPU
		{E12B4EE9-4B0B-4B98-B784-1FDBD972813C}.Debug|Any CPU.Build.0 = Debug|Any CPU
		{E12B4EE9-4B0B-4B98-B784-1FDBD972813C}.Release|Any CPU.ActiveCfg = Release|Any CPU
		{E12B4EE9-4B0B-4B98-B784-1FDBD972813C}.Release|Any CPU.Build.0 = Release|Any CPU
		{FF40EE31-A720-4394-8E31-64D5E6A7078E}.Debug|Any CPU.ActiveCfg = Debug|Any CPU
		{FF40EE31-A720-4394-8E31-64D5E6A7078E}.Debug|Any CPU.Build.0 = Debug|Any CPU
		{FF40EE31-A720-4394-8E31-64D5E6A7078E}.Release|Any CPU.ActiveCfg = Release|Any CPU
		{FF40EE31-A720-4394-8E31-64D5E6A7078E}.Release|Any CPU.Build.0 = Release|Any CPU
		{A49F4765-B447-4F5F-9532-CA5A448980F3}.Debug|Any CPU.ActiveCfg = Debug|Any CPU
		{A49F4765-B447-4F5F-9532-CA5A448980F3}.Debug|Any CPU.Build.0 = Debug|Any CPU
		{A49F4765-B447-4F5F-9532-CA5A448980F3}.Release|Any CPU.ActiveCfg = Release|Any CPU
		{A49F4765-B447-4F5F-9532-CA5A448980F3}.Release|Any CPU.Build.0 = Release|Any CPU
		{A78AA1C0-5A41-4AF2-ADC4-CED9724A483E}.Debug|Any CPU.ActiveCfg = Debug|Any CPU
		{A78AA1C0-5A41-4AF2-ADC4-CED9724A483E}.Debug|Any CPU.Build.0 = Debug|Any CPU
		{A78AA1C0-5A41-4AF2-ADC4-CED9724A483E}.Release|Any CPU.ActiveCfg = Release|Any CPU
		{A78AA1C0-5A41-4AF2-ADC4-CED9724A483E}.Release|Any CPU.Build.0 = Release|Any CPU
		{289806AE-1151-4EAF-AAE3-95C98ADE4C6F}.Debug|Any CPU.ActiveCfg = Debug|Any CPU
		{289806AE-1151-4EAF-AAE3-95C98ADE4C6F}.Debug|Any CPU.Build.0 = Debug|Any CPU
		{289806AE-1151-4EAF-AAE3-95C98ADE4C6F}.Release|Any CPU.ActiveCfg = Release|Any CPU
		{289806AE-1151-4EAF-AAE3-95C98ADE4C6F}.Release|Any CPU.Build.0 = Release|Any CPU
		{91686B7B-8348-413A-80E2-CEA58DA093D7}.Debug|Any CPU.ActiveCfg = Debug|Any CPU
		{91686B7B-8348-413A-80E2-CEA58DA093D7}.Debug|Any CPU.Build.0 = Debug|Any CPU
		{91686B7B-8348-413A-80E2-CEA58DA093D7}.Release|Any CPU.ActiveCfg = Release|Any CPU
		{91686B7B-8348-413A-80E2-CEA58DA093D7}.Release|Any CPU.Build.0 = Release|Any CPU
		{1F2B82BA-EE4A-4F9F-BC9B-E8353751C91B}.Debug|Any CPU.ActiveCfg = Debug|Any CPU
		{1F2B82BA-EE4A-4F9F-BC9B-E8353751C91B}.Debug|Any CPU.Build.0 = Debug|Any CPU
		{1F2B82BA-EE4A-4F9F-BC9B-E8353751C91B}.Release|Any CPU.ActiveCfg = Release|Any CPU
		{1F2B82BA-EE4A-4F9F-BC9B-E8353751C91B}.Release|Any CPU.Build.0 = Release|Any CPU
		{59A3917E-FDF2-4CA9-9962-2EAECBFAF561}.Debug|Any CPU.ActiveCfg = Debug|Any CPU
		{59A3917E-FDF2-4CA9-9962-2EAECBFAF561}.Debug|Any CPU.Build.0 = Debug|Any CPU
		{59A3917E-FDF2-4CA9-9962-2EAECBFAF561}.Release|Any CPU.ActiveCfg = Release|Any CPU
		{59A3917E-FDF2-4CA9-9962-2EAECBFAF561}.Release|Any CPU.Build.0 = Release|Any CPU
		{ACA69FDD-EF30-4B3D-BBF9-AE2319626E2D}.Debug|Any CPU.ActiveCfg = Debug|Any CPU
		{ACA69FDD-EF30-4B3D-BBF9-AE2319626E2D}.Debug|Any CPU.Build.0 = Debug|Any CPU
		{ACA69FDD-EF30-4B3D-BBF9-AE2319626E2D}.Release|Any CPU.ActiveCfg = Release|Any CPU
		{ACA69FDD-EF30-4B3D-BBF9-AE2319626E2D}.Release|Any CPU.Build.0 = Release|Any CPU
		{2CF2EB2A-95D3-4257-BB4E-1CE4529A053D}.Debug|Any CPU.ActiveCfg = Debug|Any CPU
		{2CF2EB2A-95D3-4257-BB4E-1CE4529A053D}.Debug|Any CPU.Build.0 = Debug|Any CPU
		{2CF2EB2A-95D3-4257-BB4E-1CE4529A053D}.Release|Any CPU.ActiveCfg = Release|Any CPU
		{2CF2EB2A-95D3-4257-BB4E-1CE4529A053D}.Release|Any CPU.Build.0 = Release|Any CPU
		{46EE7FF1-A610-4F33-AD68-78DC83A2C4D3}.Debug|Any CPU.ActiveCfg = Debug|Any CPU
		{46EE7FF1-A610-4F33-AD68-78DC83A2C4D3}.Debug|Any CPU.Build.0 = Debug|Any CPU
		{46EE7FF1-A610-4F33-AD68-78DC83A2C4D3}.Release|Any CPU.ActiveCfg = Release|Any CPU
		{46EE7FF1-A610-4F33-AD68-78DC83A2C4D3}.Release|Any CPU.Build.0 = Release|Any CPU
		{85FDB41B-209A-47F4-8F2B-8B0D66EA5F54}.Debug|Any CPU.ActiveCfg = Debug|Any CPU
		{85FDB41B-209A-47F4-8F2B-8B0D66EA5F54}.Debug|Any CPU.Build.0 = Debug|Any CPU
		{85FDB41B-209A-47F4-8F2B-8B0D66EA5F54}.Release|Any CPU.ActiveCfg = Release|Any CPU
		{85FDB41B-209A-47F4-8F2B-8B0D66EA5F54}.Release|Any CPU.Build.0 = Release|Any CPU
		{01DD8FBF-3283-4E4E-AD4C-DC34D22B4AD8}.Debug|Any CPU.ActiveCfg = Debug|Any CPU
		{01DD8FBF-3283-4E4E-AD4C-DC34D22B4AD8}.Debug|Any CPU.Build.0 = Debug|Any CPU
		{01DD8FBF-3283-4E4E-AD4C-DC34D22B4AD8}.Release|Any CPU.ActiveCfg = Release|Any CPU
		{01DD8FBF-3283-4E4E-AD4C-DC34D22B4AD8}.Release|Any CPU.Build.0 = Release|Any CPU
		{5B74EBA6-ED04-4994-9DBA-167CD7E74550}.Debug|Any CPU.ActiveCfg = Debug|Any CPU
		{5B74EBA6-ED04-4994-9DBA-167CD7E74550}.Debug|Any CPU.Build.0 = Debug|Any CPU
		{5B74EBA6-ED04-4994-9DBA-167CD7E74550}.Release|Any CPU.ActiveCfg = Release|Any CPU
		{5B74EBA6-ED04-4994-9DBA-167CD7E74550}.Release|Any CPU.Build.0 = Release|Any CPU
		{D5639503-FB33-4F7C-8020-F512B21D45CD}.Debug|Any CPU.ActiveCfg = Debug|Any CPU
		{D5639503-FB33-4F7C-8020-F512B21D45CD}.Debug|Any CPU.Build.0 = Debug|Any CPU
		{D5639503-FB33-4F7C-8020-F512B21D45CD}.Release|Any CPU.ActiveCfg = Release|Any CPU
		{D5639503-FB33-4F7C-8020-F512B21D45CD}.Release|Any CPU.Build.0 = Release|Any CPU
		{AFDF6A6A-D305-4BD7-963C-967AC516204B}.Debug|Any CPU.ActiveCfg = Debug|Any CPU
		{AFDF6A6A-D305-4BD7-963C-967AC516204B}.Debug|Any CPU.Build.0 = Debug|Any CPU
		{AFDF6A6A-D305-4BD7-963C-967AC516204B}.Release|Any CPU.ActiveCfg = Release|Any CPU
		{AFDF6A6A-D305-4BD7-963C-967AC516204B}.Release|Any CPU.Build.0 = Release|Any CPU
		{3A0E6EF1-FCE1-4E3E-98ED-3A56D300AC30}.Debug|Any CPU.ActiveCfg = Debug|Any CPU
		{3A0E6EF1-FCE1-4E3E-98ED-3A56D300AC30}.Debug|Any CPU.Build.0 = Debug|Any CPU
		{3A0E6EF1-FCE1-4E3E-98ED-3A56D300AC30}.Release|Any CPU.ActiveCfg = Release|Any CPU
		{3A0E6EF1-FCE1-4E3E-98ED-3A56D300AC30}.Release|Any CPU.Build.0 = Release|Any CPU
		{BD15472B-7347-46F2-8DFD-33FAA424565D}.Debug|Any CPU.ActiveCfg = Debug|Any CPU
		{BD15472B-7347-46F2-8DFD-33FAA424565D}.Debug|Any CPU.Build.0 = Debug|Any CPU
		{BD15472B-7347-46F2-8DFD-33FAA424565D}.Release|Any CPU.ActiveCfg = Release|Any CPU
		{BD15472B-7347-46F2-8DFD-33FAA424565D}.Release|Any CPU.Build.0 = Release|Any CPU
		{0E84DB3A-F70A-4C78-B0A0-4C763EBCEE63}.Debug|Any CPU.ActiveCfg = Debug|Any CPU
		{0E84DB3A-F70A-4C78-B0A0-4C763EBCEE63}.Debug|Any CPU.Build.0 = Debug|Any CPU
		{0E84DB3A-F70A-4C78-B0A0-4C763EBCEE63}.Release|Any CPU.ActiveCfg = Release|Any CPU
		{0E84DB3A-F70A-4C78-B0A0-4C763EBCEE63}.Release|Any CPU.Build.0 = Release|Any CPU
		{89E83E78-F489-4BDF-8982-90A38BA82F09}.Debug|Any CPU.ActiveCfg = Debug|Any CPU
		{89E83E78-F489-4BDF-8982-90A38BA82F09}.Debug|Any CPU.Build.0 = Debug|Any CPU
		{89E83E78-F489-4BDF-8982-90A38BA82F09}.Release|Any CPU.ActiveCfg = Release|Any CPU
		{89E83E78-F489-4BDF-8982-90A38BA82F09}.Release|Any CPU.Build.0 = Release|Any CPU
		{4FB6704C-0571-4D62-9395-E1574A2FFC57}.Debug|Any CPU.ActiveCfg = Debug|Any CPU
		{4FB6704C-0571-4D62-9395-E1574A2FFC57}.Debug|Any CPU.Build.0 = Debug|Any CPU
		{4FB6704C-0571-4D62-9395-E1574A2FFC57}.Release|Any CPU.ActiveCfg = Release|Any CPU
		{4FB6704C-0571-4D62-9395-E1574A2FFC57}.Release|Any CPU.Build.0 = Release|Any CPU
		{7700FDC6-29E5-488C-91B6-BB3D6F79641D}.Debug|Any CPU.ActiveCfg = Debug|Any CPU
		{7700FDC6-29E5-488C-91B6-BB3D6F79641D}.Debug|Any CPU.Build.0 = Debug|Any CPU
		{7700FDC6-29E5-488C-91B6-BB3D6F79641D}.Release|Any CPU.ActiveCfg = Release|Any CPU
		{7700FDC6-29E5-488C-91B6-BB3D6F79641D}.Release|Any CPU.Build.0 = Release|Any CPU
		{8401841C-8843-4D78-84A4-E39F57D74E92}.Debug|Any CPU.ActiveCfg = Debug|Any CPU
		{8401841C-8843-4D78-84A4-E39F57D74E92}.Debug|Any CPU.Build.0 = Debug|Any CPU
		{8401841C-8843-4D78-84A4-E39F57D74E92}.Release|Any CPU.ActiveCfg = Release|Any CPU
		{8401841C-8843-4D78-84A4-E39F57D74E92}.Release|Any CPU.Build.0 = Release|Any CPU
		{6FE5BC13-0A21-4E07-B6BB-6942F63F656B}.Debug|Any CPU.ActiveCfg = Debug|Any CPU
		{6FE5BC13-0A21-4E07-B6BB-6942F63F656B}.Debug|Any CPU.Build.0 = Debug|Any CPU
		{6FE5BC13-0A21-4E07-B6BB-6942F63F656B}.Release|Any CPU.ActiveCfg = Release|Any CPU
		{6FE5BC13-0A21-4E07-B6BB-6942F63F656B}.Release|Any CPU.Build.0 = Release|Any CPU
		{91A38058-2BC9-4E38-9FB9-8558498AA70C}.Debug|Any CPU.ActiveCfg = Debug|Any CPU
		{91A38058-2BC9-4E38-9FB9-8558498AA70C}.Debug|Any CPU.Build.0 = Debug|Any CPU
		{91A38058-2BC9-4E38-9FB9-8558498AA70C}.Release|Any CPU.ActiveCfg = Release|Any CPU
		{91A38058-2BC9-4E38-9FB9-8558498AA70C}.Release|Any CPU.Build.0 = Release|Any CPU
		{AAB0C452-E7F9-4EE6-8FF3-566E82F850A1}.Debug|Any CPU.ActiveCfg = Debug|Any CPU
		{AAB0C452-E7F9-4EE6-8FF3-566E82F850A1}.Debug|Any CPU.Build.0 = Debug|Any CPU
		{AAB0C452-E7F9-4EE6-8FF3-566E82F850A1}.Release|Any CPU.ActiveCfg = Release|Any CPU
		{AAB0C452-E7F9-4EE6-8FF3-566E82F850A1}.Release|Any CPU.Build.0 = Release|Any CPU
		{AFFA027C-CCBC-4DB4-92F7-A404109EE55D}.Debug|Any CPU.ActiveCfg = Debug|Any CPU
		{AFFA027C-CCBC-4DB4-92F7-A404109EE55D}.Debug|Any CPU.Build.0 = Debug|Any CPU
		{AFFA027C-CCBC-4DB4-92F7-A404109EE55D}.Release|Any CPU.ActiveCfg = Release|Any CPU
		{AFFA027C-CCBC-4DB4-92F7-A404109EE55D}.Release|Any CPU.Build.0 = Release|Any CPU
		{0F00A5AE-C8FB-4D09-87E4-24F62DAFA6F7}.Debug|Any CPU.ActiveCfg = Debug|Any CPU
		{0F00A5AE-C8FB-4D09-87E4-24F62DAFA6F7}.Debug|Any CPU.Build.0 = Debug|Any CPU
		{0F00A5AE-C8FB-4D09-87E4-24F62DAFA6F7}.Release|Any CPU.ActiveCfg = Release|Any CPU
		{0F00A5AE-C8FB-4D09-87E4-24F62DAFA6F7}.Release|Any CPU.Build.0 = Release|Any CPU
		{899566F3-4A68-4A2B-B752-A91A89450862}.Debug|Any CPU.ActiveCfg = Debug|Any CPU
		{899566F3-4A68-4A2B-B752-A91A89450862}.Debug|Any CPU.Build.0 = Debug|Any CPU
		{899566F3-4A68-4A2B-B752-A91A89450862}.Release|Any CPU.ActiveCfg = Release|Any CPU
		{899566F3-4A68-4A2B-B752-A91A89450862}.Release|Any CPU.Build.0 = Release|Any CPU
	EndGlobalSection
	GlobalSection(SolutionProperties) = preSolution
		HideSolutionNode = FALSE
	EndGlobalSection
	GlobalSection(ExtensibilityGlobals) = postSolution
		SolutionGuid = {A0924FD7-11D2-4C1C-8589-62D8EBA5EB02}
	EndGlobalSection
	GlobalSection(NestedProjects) = preSolution
		{0F00A5AE-C8FB-4D09-87E4-24F62DAFA6F7} = {0FAE77EC-0C64-445C-9F5E-B85EEBBEBEAC}
		{899566F3-4A68-4A2B-B752-A91A89450862} = {0FAE77EC-0C64-445C-9F5E-B85EEBBEBEAC}
		{FF40EE31-A720-4394-8E31-64D5E6A7078E} = {5C7A5334-BDB5-47EF-BB62-9BB8FEE3FE52}
		{0E84DB3A-F70A-4C78-B0A0-4C763EBCEE63} = {5C7A5334-BDB5-47EF-BB62-9BB8FEE3FE52}
		{C5862566-BD97-4CA0-B622-117BEF03FDF4} = {5C7A5334-BDB5-47EF-BB62-9BB8FEE3FE52}
		{E12B4EE9-4B0B-4B98-B784-1FDBD972813C} = {5C7A5334-BDB5-47EF-BB62-9BB8FEE3FE52}
		{AFDF6A6A-D305-4BD7-963C-967AC516204B} = {D7D3043E-4752-4A32-8A68-9BB3272A3765}
		{3A0E6EF1-FCE1-4E3E-98ED-3A56D300AC30} = {D7D3043E-4752-4A32-8A68-9BB3272A3765}
		{BD15472B-7347-46F2-8DFD-33FAA424565D} = {D7D3043E-4752-4A32-8A68-9BB3272A3765}
		{6FF766B4-E6E5-4E30-B7B2-5258EE29EB4B} = {D7D3043E-4752-4A32-8A68-9BB3272A3765}
		{89E83E78-F489-4BDF-8982-90A38BA82F09} = {0FAE3B39-7588-4EAA-90C1-5B02FFAC302F}
		{A78AA1C0-5A41-4AF2-ADC4-CED9724A483E} = {0FAE3B39-7588-4EAA-90C1-5B02FFAC302F}
		{289806AE-1151-4EAF-AAE3-95C98ADE4C6F} = {0FAE3B39-7588-4EAA-90C1-5B02FFAC302F}
		{91686B7B-8348-413A-80E2-CEA58DA093D7} = {0FAE3B39-7588-4EAA-90C1-5B02FFAC302F}
		{ACA69FDD-EF30-4B3D-BBF9-AE2319626E2D} = {96B5148B-0EB6-4AA2-97C8-227C32C1411C}
		{59A3917E-FDF2-4CA9-9962-2EAECBFAF561} = {96B5148B-0EB6-4AA2-97C8-227C32C1411C}
		{46EE7FF1-A610-4F33-AD68-78DC83A2C4D3} = {F09379A1-CE7B-4805-ADFC-07994E40AFD0}
		{85FDB41B-209A-47F4-8F2B-8B0D66EA5F54} = {F09379A1-CE7B-4805-ADFC-07994E40AFD0}
		{AAB0C452-E7F9-4EE6-8FF3-566E82F850A1} = {F09379A1-CE7B-4805-ADFC-07994E40AFD0}
		{A49F4765-B447-4F5F-9532-CA5A448980F3} = {226003EC-CD70-4993-AD70-FFA4A3ED19C4}
		{1F2B82BA-EE4A-4F9F-BC9B-E8353751C91B} = {226003EC-CD70-4993-AD70-FFA4A3ED19C4}
		{91A38058-2BC9-4E38-9FB9-8558498AA70C} = {226003EC-CD70-4993-AD70-FFA4A3ED19C4}
		{7700FDC6-29E5-488C-91B6-BB3D6F79641D} = {226003EC-CD70-4993-AD70-FFA4A3ED19C4}
		{5B74EBA6-ED04-4994-9DBA-167CD7E74550} = {61810F0D-599F-4519-AE0F-1AAE749E314D}
		{01DD8FBF-3283-4E4E-AD4C-DC34D22B4AD8} = {61810F0D-599F-4519-AE0F-1AAE749E314D}
		{D5639503-FB33-4F7C-8020-F512B21D45CD} = {61810F0D-599F-4519-AE0F-1AAE749E314D}
		{AFFA027C-CCBC-4DB4-92F7-A404109EE55D} = {0FAE77EC-0C64-445C-9F5E-B85EEBBEBEAC}
	EndGlobalSection
EndGlobal
