
Microsoft Visual Studio Solution File, Format Version 12.00
# Visual Studio Version 16
VisualStudioVersion = 16.0.30011.22
MinimumVisualStudioVersion = 10.0.40219.1
Project("{9A19103F-16F7-4668-BE54-9A1E7A4F7556}") = "EH_GC_AHBC_2020_Repo", "EH_GC_AHBC_2020_Repo\EH_GC_AHBC_2020_Repo.csproj", "{20088112-F2BC-4790-915C-37F5A1EA22DD}"
EndProject
Project("{9A19103F-16F7-4668-BE54-9A1E7A4F7556}") = "DayThree", "DayThree\DayThree.csproj", "{A7947C2E-7A97-447C-BF78-531672862EF4}"
EndProject
Project("{FAE04EC0-301F-11D3-BF4B-00C04F79EFBC}") = "EH_GC_Lab2", "EH_GC_Lab2\EH_GC_Lab2.csproj", "{79A5B99C-D8D3-4C50-B530-43EB0F7BDD7C}"
EndProject
Global
	GlobalSection(SolutionConfigurationPlatforms) = preSolution
		Debug|Any CPU = Debug|Any CPU
		Release|Any CPU = Release|Any CPU
	EndGlobalSection
	GlobalSection(ProjectConfigurationPlatforms) = postSolution
		{20088112-F2BC-4790-915C-37F5A1EA22DD}.Debug|Any CPU.ActiveCfg = Debug|Any CPU
		{20088112-F2BC-4790-915C-37F5A1EA22DD}.Debug|Any CPU.Build.0 = Debug|Any CPU
		{20088112-F2BC-4790-915C-37F5A1EA22DD}.Release|Any CPU.ActiveCfg = Release|Any CPU
		{20088112-F2BC-4790-915C-37F5A1EA22DD}.Release|Any CPU.Build.0 = Release|Any CPU
		{A7947C2E-7A97-447C-BF78-531672862EF4}.Debug|Any CPU.ActiveCfg = Debug|Any CPU
		{A7947C2E-7A97-447C-BF78-531672862EF4}.Debug|Any CPU.Build.0 = Debug|Any CPU
		{A7947C2E-7A97-447C-BF78-531672862EF4}.Release|Any CPU.ActiveCfg = Release|Any CPU
		{A7947C2E-7A97-447C-BF78-531672862EF4}.Release|Any CPU.Build.0 = Release|Any CPU
		{79A5B99C-D8D3-4C50-B530-43EB0F7BDD7C}.Debug|Any CPU.ActiveCfg = Debug|Any CPU
		{79A5B99C-D8D3-4C50-B530-43EB0F7BDD7C}.Debug|Any CPU.Build.0 = Debug|Any CPU
		{79A5B99C-D8D3-4C50-B530-43EB0F7BDD7C}.Release|Any CPU.ActiveCfg = Release|Any CPU
		{79A5B99C-D8D3-4C50-B530-43EB0F7BDD7C}.Release|Any CPU.Build.0 = Release|Any CPU
	EndGlobalSection
	GlobalSection(SolutionProperties) = preSolution
		HideSolutionNode = FALSE
	EndGlobalSection
	GlobalSection(ExtensibilityGlobals) = postSolution
		SolutionGuid = {A0924FD7-11D2-4C1C-8589-62D8EBA5EB02}
	EndGlobalSection
EndGlobal
