
Microsoft Visual Studio Solution File, Format Version 12.00
# Visual Studio Version 16
VisualStudioVersion = 16.0.30011.22
MinimumVisualStudioVersion = 10.0.40219.1
Project("{FAE04EC0-301F-11D3-BF4B-00C04F79EFBC}") = "Week3Day1Validations", "Week3Day1Validations\Week3Day1Validations.csproj", "{28D95266-E19A-4A0F-949D-0D7FC18685CD}"
EndProject
Project("{FAE04EC0-301F-11D3-BF4B-00C04F79EFBC}") = "EH_GC_Lab3", "EH_GC_Lab3\EH_GC_Lab3.csproj", "{B851340F-2B76-4455-AA83-59DE130EBE67}"
EndProject
Project("{9344BDBB-3E7F-41FC-A0DD-8665D75EE146}") = "EH_GC_AHBC_2020_Repo", "EH_GC_AHBC_2020_Repo\EH_GC_AHBC_2020_Repo.csproj", "{DABF966A-AEA3-4BD6-8E77-EA09BCD28418}"
EndProject
Project("{9344BDBB-3E7F-41FC-A0DD-8665D75EE146}") = "DayThree", "DayThree\DayThree.csproj", "{2638EDD6-9528-4083-97F7-F9E211EAF2FF}"
EndProject
Project("{9344BDBB-3E7F-41FC-A0DD-8665D75EE146}") = "EH_GC_Lab2", "EH_GC_Lab2\EH_GC_Lab2.csproj", "{55B33810-4B48-49FA-949D-E936D56B39E7}"
EndProject
Project("{FAE04EC0-301F-11D3-BF4B-00C04F79EFBC}") = "Week3Day2Review", "Week3Day2Review\Week3Day2Review.csproj", "{C429365E-FEEC-4223-991A-00DA9EC0EA8F}"
EndProject
Project("{FAE04EC0-301F-11D3-BF4B-00C04F79EFBC}") = "ReveiwAssessmentVowels", "ReveiwAssessmentVowels\ReveiwAssessmentVowels.csproj", "{C3A8A83B-A417-4496-B07E-A8CCAA3C71FA}"
EndProject
Global
	GlobalSection(SolutionConfigurationPlatforms) = preSolution
		Debug|Any CPU = Debug|Any CPU
		Release|Any CPU = Release|Any CPU
	EndGlobalSection
	GlobalSection(ProjectConfigurationPlatforms) = postSolution
		{28D95266-E19A-4A0F-949D-0D7FC18685CD}.Debug|Any CPU.ActiveCfg = Debug|Any CPU
		{28D95266-E19A-4A0F-949D-0D7FC18685CD}.Debug|Any CPU.Build.0 = Debug|Any CPU
		{28D95266-E19A-4A0F-949D-0D7FC18685CD}.Release|Any CPU.ActiveCfg = Release|Any CPU
		{28D95266-E19A-4A0F-949D-0D7FC18685CD}.Release|Any CPU.Build.0 = Release|Any CPU
		{B851340F-2B76-4455-AA83-59DE130EBE67}.Debug|Any CPU.ActiveCfg = Debug|Any CPU
		{B851340F-2B76-4455-AA83-59DE130EBE67}.Debug|Any CPU.Build.0 = Debug|Any CPU
		{B851340F-2B76-4455-AA83-59DE130EBE67}.Release|Any CPU.ActiveCfg = Release|Any CPU
		{B851340F-2B76-4455-AA83-59DE130EBE67}.Release|Any CPU.Build.0 = Release|Any CPU
		{DABF966A-AEA3-4BD6-8E77-EA09BCD28418}.Debug|Any CPU.ActiveCfg = Debug|Any CPU
		{DABF966A-AEA3-4BD6-8E77-EA09BCD28418}.Debug|Any CPU.Build.0 = Debug|Any CPU
		{DABF966A-AEA3-4BD6-8E77-EA09BCD28418}.Release|Any CPU.ActiveCfg = Release|Any CPU
		{DABF966A-AEA3-4BD6-8E77-EA09BCD28418}.Release|Any CPU.Build.0 = Release|Any CPU
		{2638EDD6-9528-4083-97F7-F9E211EAF2FF}.Debug|Any CPU.ActiveCfg = Debug|Any CPU
		{2638EDD6-9528-4083-97F7-F9E211EAF2FF}.Debug|Any CPU.Build.0 = Debug|Any CPU
		{2638EDD6-9528-4083-97F7-F9E211EAF2FF}.Release|Any CPU.ActiveCfg = Release|Any CPU
		{2638EDD6-9528-4083-97F7-F9E211EAF2FF}.Release|Any CPU.Build.0 = Release|Any CPU
		{55B33810-4B48-49FA-949D-E936D56B39E7}.Debug|Any CPU.ActiveCfg = Debug|Any CPU
		{55B33810-4B48-49FA-949D-E936D56B39E7}.Debug|Any CPU.Build.0 = Debug|Any CPU
		{55B33810-4B48-49FA-949D-E936D56B39E7}.Release|Any CPU.ActiveCfg = Release|Any CPU
		{55B33810-4B48-49FA-949D-E936D56B39E7}.Release|Any CPU.Build.0 = Release|Any CPU
		{C429365E-FEEC-4223-991A-00DA9EC0EA8F}.Debug|Any CPU.ActiveCfg = Debug|Any CPU
		{C429365E-FEEC-4223-991A-00DA9EC0EA8F}.Debug|Any CPU.Build.0 = Debug|Any CPU
		{C429365E-FEEC-4223-991A-00DA9EC0EA8F}.Release|Any CPU.ActiveCfg = Release|Any CPU
		{C429365E-FEEC-4223-991A-00DA9EC0EA8F}.Release|Any CPU.Build.0 = Release|Any CPU
		{C3A8A83B-A417-4496-B07E-A8CCAA3C71FA}.Debug|Any CPU.ActiveCfg = Debug|Any CPU
		{C3A8A83B-A417-4496-B07E-A8CCAA3C71FA}.Debug|Any CPU.Build.0 = Debug|Any CPU
		{C3A8A83B-A417-4496-B07E-A8CCAA3C71FA}.Release|Any CPU.ActiveCfg = Release|Any CPU
		{C3A8A83B-A417-4496-B07E-A8CCAA3C71FA}.Release|Any CPU.Build.0 = Release|Any CPU
	EndGlobalSection
	GlobalSection(SolutionProperties) = preSolution
		HideSolutionNode = FALSE
	EndGlobalSection
	GlobalSection(ExtensibilityGlobals) = postSolution
		SolutionGuid = {A0924FD7-11D2-4C1C-8589-62D8EBA5EB02}
	EndGlobalSection
EndGlobal
