
Microsoft Visual Studio Solution File, Format Version 12.00
# Visual Studio Version 16
VisualStudioVersion = 16.0.808.0
MinimumVisualStudioVersion = 10.0.40219.1
Project("{FAE04EC0-301F-11D3-BF4B-00C04F79EFBC}") = "MockAssessment7", "MockAssessment7\MockAssessment7.csproj", "{1ED9E52E-A0FA-4683-9BE1-E549A29EFA90}"
EndProject
Global
	GlobalSection(SolutionConfigurationPlatforms) = preSolution
		Debug|Any CPU = Debug|Any CPU
		Release|Any CPU = Release|Any CPU
	EndGlobalSection
	GlobalSection(ProjectConfigurationPlatforms) = postSolution
		{1ED9E52E-A0FA-4683-9BE1-E549A29EFA90}.Debug|Any CPU.ActiveCfg = Debug|Any CPU
		{1ED9E52E-A0FA-4683-9BE1-E549A29EFA90}.Debug|Any CPU.Build.0 = Debug|Any CPU
		{1ED9E52E-A0FA-4683-9BE1-E549A29EFA90}.Release|Any CPU.ActiveCfg = Release|Any CPU
		{1ED9E52E-A0FA-4683-9BE1-E549A29EFA90}.Release|Any CPU.Build.0 = Release|Any CPU
	EndGlobalSection
	GlobalSection(SolutionProperties) = preSolution
		HideSolutionNode = FALSE
	EndGlobalSection
	GlobalSection(ExtensibilityGlobals) = postSolution
		SolutionGuid = {E2A0B07E-3536-4D59-BC10-1963C5D397E4}
	EndGlobalSection
EndGlobal
