
Microsoft Visual Studio Solution File, Format Version 12.00
# Visual Studio 15
Project("{FAE04EC0-301F-11D3-BF4B-00C04F79EFBC}") = "MovieWebAppLabs_21222324", "MovieWebAppLabs_21222324.csproj", "{76DF59BA-4904-4111-B09A-F57B56823211}"
EndProject
Global
	GlobalSection(SolutionConfigurationPlatforms) = preSolution
		Debug|Any CPU = Debug|Any CPU
		Release|Any CPU = Release|Any CPU
	EndGlobalSection
	GlobalSection(ProjectConfigurationPlatforms) = postSolution
		{76DF59BA-4904-4111-B09A-F57B56823211}.Debug|Any CPU.ActiveCfg = Debug|Any CPU
		{76DF59BA-4904-4111-B09A-F57B56823211}.Debug|Any CPU.Build.0 = Debug|Any CPU
		{76DF59BA-4904-4111-B09A-F57B56823211}.Release|Any CPU.ActiveCfg = Release|Any CPU
		{76DF59BA-4904-4111-B09A-F57B56823211}.Release|Any CPU.Build.0 = Release|Any CPU
	EndGlobalSection
EndGlobal
